
Microsoft Visual Studio Solution File, Format Version 12.00
# Visual Studio Version 17
VisualStudioVersion = 17.5.33424.131
MinimumVisualStudioVersion = 10.0.40219.1
Project("{FAE04EC0-301F-11D3-BF4B-00C04F79EFBC}") = "TcpPeerToPeerChat", "TcpPeerToPeerChat\TcpPeerToPeerChat.csproj", "{B77BA1A9-0D8A-4DBC-9E43-0FBCD5B85427}"
EndProject
Global
	GlobalSection(SolutionConfigurationPlatforms) = preSolution
		Debug|Any CPU = Debug|Any CPU
		Release|Any CPU = Release|Any CPU
	EndGlobalSection
	GlobalSection(ProjectConfigurationPlatforms) = postSolution
		{B77BA1A9-0D8A-4DBC-9E43-0FBCD5B85427}.Debug|Any CPU.ActiveCfg = Debug|Any CPU
		{B77BA1A9-0D8A-4DBC-9E43-0FBCD5B85427}.Debug|Any CPU.Build.0 = Debug|Any CPU
		{B77BA1A9-0D8A-4DBC-9E43-0FBCD5B85427}.Release|Any CPU.ActiveCfg = Release|Any CPU
		{B77BA1A9-0D8A-4DBC-9E43-0FBCD5B85427}.Release|Any CPU.Build.0 = Release|Any CPU
	EndGlobalSection
	GlobalSection(SolutionProperties) = preSolution
		HideSolutionNode = FALSE
	EndGlobalSection
	GlobalSection(ExtensibilityGlobals) = postSolution
		SolutionGuid = {45B0592B-28C4-45C1-BCF1-75386D9DD3D2}
	EndGlobalSection
EndGlobal
